
Microsoft Visual Studio Solution File, Format Version 12.00
# Visual Studio Version 16
VisualStudioVersion = 16.0.30128.74
MinimumVisualStudioVersion = 15.0.26124.0
Project("{2150E333-8FDC-42A3-9474-1A3956D46DE8}") = "Core", "Core", "{1FE2EF67-8257-434A-A5DE-BADF967BD783}"
EndProject
Project("{9A19103F-16F7-4668-BE54-9A1E7A4F7556}") = "Assessment.Core.Interfaces", "src\Core\Assessment.Core.Interfaces\Assessment.Core.Interfaces.csproj", "{016265CE-DC0F-4CE3-B15B-2DC53D7D22CF}"
EndProject
Project("{9A19103F-16F7-4668-BE54-9A1E7A4F7556}") = "Assessment.Core.Services", "src\Core\Assessment.Core.Services\Assessment.Core.Services.csproj", "{6CDEB57E-32D2-48BD-A844-ED6060F534AD}"
EndProject
Project("{9A19103F-16F7-4668-BE54-9A1E7A4F7556}") = "Assessment.Core.DTOs", "src\Core\Assessment.Core.DTOs\Assessment.Core.DTOs.csproj", "{86A63459-E977-4BB4-9008-698FB5BF6BE2}"
EndProject
Project("{9A19103F-16F7-4668-BE54-9A1E7A4F7556}") = "Assessment.Core.Entities", "src\Core\Assessment.Core.Entities\Assessment.Core.Entities.csproj", "{0D47C3DD-713C-4EF7-BA9E-D03C1F27AF46}"
EndProject
Project("{9A19103F-16F7-4668-BE54-9A1E7A4F7556}") = "Assessment.Core.Extensions", "src\Core\Assessment.Core.Extensions\Assessment.Core.Extensions.csproj", "{22115ECF-0AED-4FE7-A7C6-DAECD8D84214}"
EndProject
Project("{2150E333-8FDC-42A3-9474-1A3956D46DE8}") = "Infrastructure", "Infrastructure", "{2EB44A85-3425-4B76-A538-EC96EBCCB874}"
EndProject
Project("{9A19103F-16F7-4668-BE54-9A1E7A4F7556}") = "Assessment.Infrastructure.Persistence", "src\Infrastructure\Assessment.Infrastructure.Persistence\Assessment.Infrastructure.Persistence.csproj", "{F5BB9456-FF7B-49FA-8AA2-1D7C640FE7F0}"
EndProject
Project("{9A19103F-16F7-4668-BE54-9A1E7A4F7556}") = "Assessment.Core.ViewModels", "src\Core\Assessment.Core.ViewModels\Assessment.Core.ViewModels.csproj", "{008CE979-BA0A-42EB-A422-1B8A3BD49150}"
EndProject
Project("{2150E333-8FDC-42A3-9474-1A3956D46DE8}") = "src", "src", "{723679FA-411D-4B84-BFF9-C0C750431457}"
EndProject
Project("{2150E333-8FDC-42A3-9474-1A3956D46DE8}") = "tests", "tests", "{D05A1678-D2F0-4C6F-B0DA-83B622D67180}"
EndProject
Project("{2150E333-8FDC-42A3-9474-1A3956D46DE8}") = "UnitTests", "UnitTests", "{323E0411-4D96-4782-B058-7A06E7743F46}"
EndProject
Project("{FAE04EC0-301F-11D3-BF4B-00C04F79EFBC}") = "Assessment.Core.UnitTests", "tests\UnitTests\Assessment.Core.UnitTests\Assessment.Core.UnitTests.csproj", "{36C884DE-1380-43B6-BAC6-75A9B74C835F}"
EndProject
Project("{FAE04EC0-301F-11D3-BF4B-00C04F79EFBC}") = "Assessment.Core.Enums", "src\Core\Assessment.Core.Enums\Assessment.Core.Enums.csproj", "{1CBCC9F7-737E-470C-BFFB-D52A83DE5828}"
EndProject
Global
	GlobalSection(SolutionConfigurationPlatforms) = preSolution
		Debug|Any CPU = Debug|Any CPU
		Debug|x64 = Debug|x64
		Debug|x86 = Debug|x86
		Release|Any CPU = Release|Any CPU
		Release|x64 = Release|x64
		Release|x86 = Release|x86
	EndGlobalSection
	GlobalSection(ProjectConfigurationPlatforms) = postSolution
		{016265CE-DC0F-4CE3-B15B-2DC53D7D22CF}.Debug|Any CPU.ActiveCfg = Debug|Any CPU
		{016265CE-DC0F-4CE3-B15B-2DC53D7D22CF}.Debug|Any CPU.Build.0 = Debug|Any CPU
		{016265CE-DC0F-4CE3-B15B-2DC53D7D22CF}.Debug|x64.ActiveCfg = Debug|Any CPU
		{016265CE-DC0F-4CE3-B15B-2DC53D7D22CF}.Debug|x64.Build.0 = Debug|Any CPU
		{016265CE-DC0F-4CE3-B15B-2DC53D7D22CF}.Debug|x86.ActiveCfg = Debug|Any CPU
		{016265CE-DC0F-4CE3-B15B-2DC53D7D22CF}.Debug|x86.Build.0 = Debug|Any CPU
		{016265CE-DC0F-4CE3-B15B-2DC53D7D22CF}.Release|Any CPU.ActiveCfg = Release|Any CPU
		{016265CE-DC0F-4CE3-B15B-2DC53D7D22CF}.Release|Any CPU.Build.0 = Release|Any CPU
		{016265CE-DC0F-4CE3-B15B-2DC53D7D22CF}.Release|x64.ActiveCfg = Release|Any CPU
		{016265CE-DC0F-4CE3-B15B-2DC53D7D22CF}.Release|x64.Build.0 = Release|Any CPU
		{016265CE-DC0F-4CE3-B15B-2DC53D7D22CF}.Release|x86.ActiveCfg = Release|Any CPU
		{016265CE-DC0F-4CE3-B15B-2DC53D7D22CF}.Release|x86.Build.0 = Release|Any CPU
		{6CDEB57E-32D2-48BD-A844-ED6060F534AD}.Debug|Any CPU.ActiveCfg = Debug|Any CPU
		{6CDEB57E-32D2-48BD-A844-ED6060F534AD}.Debug|Any CPU.Build.0 = Debug|Any CPU
		{6CDEB57E-32D2-48BD-A844-ED6060F534AD}.Debug|x64.ActiveCfg = Debug|Any CPU
		{6CDEB57E-32D2-48BD-A844-ED6060F534AD}.Debug|x64.Build.0 = Debug|Any CPU
		{6CDEB57E-32D2-48BD-A844-ED6060F534AD}.Debug|x86.ActiveCfg = Debug|Any CPU
		{6CDEB57E-32D2-48BD-A844-ED6060F534AD}.Debug|x86.Build.0 = Debug|Any CPU
		{6CDEB57E-32D2-48BD-A844-ED6060F534AD}.Release|Any CPU.ActiveCfg = Release|Any CPU
		{6CDEB57E-32D2-48BD-A844-ED6060F534AD}.Release|Any CPU.Build.0 = Release|Any CPU
		{6CDEB57E-32D2-48BD-A844-ED6060F534AD}.Release|x64.ActiveCfg = Release|Any CPU
		{6CDEB57E-32D2-48BD-A844-ED6060F534AD}.Release|x64.Build.0 = Release|Any CPU
		{6CDEB57E-32D2-48BD-A844-ED6060F534AD}.Release|x86.ActiveCfg = Release|Any CPU
		{6CDEB57E-32D2-48BD-A844-ED6060F534AD}.Release|x86.Build.0 = Release|Any CPU
		{86A63459-E977-4BB4-9008-698FB5BF6BE2}.Debug|Any CPU.ActiveCfg = Debug|Any CPU
		{86A63459-E977-4BB4-9008-698FB5BF6BE2}.Debug|Any CPU.Build.0 = Debug|Any CPU
		{86A63459-E977-4BB4-9008-698FB5BF6BE2}.Debug|x64.ActiveCfg = Debug|Any CPU
		{86A63459-E977-4BB4-9008-698FB5BF6BE2}.Debug|x64.Build.0 = Debug|Any CPU
		{86A63459-E977-4BB4-9008-698FB5BF6BE2}.Debug|x86.ActiveCfg = Debug|Any CPU
		{86A63459-E977-4BB4-9008-698FB5BF6BE2}.Debug|x86.Build.0 = Debug|Any CPU
		{86A63459-E977-4BB4-9008-698FB5BF6BE2}.Release|Any CPU.ActiveCfg = Release|Any CPU
		{86A63459-E977-4BB4-9008-698FB5BF6BE2}.Release|Any CPU.Build.0 = Release|Any CPU
		{86A63459-E977-4BB4-9008-698FB5BF6BE2}.Release|x64.ActiveCfg = Release|Any CPU
		{86A63459-E977-4BB4-9008-698FB5BF6BE2}.Release|x64.Build.0 = Release|Any CPU
		{86A63459-E977-4BB4-9008-698FB5BF6BE2}.Release|x86.ActiveCfg = Release|Any CPU
		{86A63459-E977-4BB4-9008-698FB5BF6BE2}.Release|x86.Build.0 = Release|Any CPU
		{0D47C3DD-713C-4EF7-BA9E-D03C1F27AF46}.Debug|Any CPU.ActiveCfg = Debug|Any CPU
		{0D47C3DD-713C-4EF7-BA9E-D03C1F27AF46}.Debug|Any CPU.Build.0 = Debug|Any CPU
		{0D47C3DD-713C-4EF7-BA9E-D03C1F27AF46}.Debug|x64.ActiveCfg = Debug|Any CPU
		{0D47C3DD-713C-4EF7-BA9E-D03C1F27AF46}.Debug|x64.Build.0 = Debug|Any CPU
		{0D47C3DD-713C-4EF7-BA9E-D03C1F27AF46}.Debug|x86.ActiveCfg = Debug|Any CPU
		{0D47C3DD-713C-4EF7-BA9E-D03C1F27AF46}.Debug|x86.Build.0 = Debug|Any CPU
		{0D47C3DD-713C-4EF7-BA9E-D03C1F27AF46}.Release|Any CPU.ActiveCfg = Release|Any CPU
		{0D47C3DD-713C-4EF7-BA9E-D03C1F27AF46}.Release|Any CPU.Build.0 = Release|Any CPU
		{0D47C3DD-713C-4EF7-BA9E-D03C1F27AF46}.Release|x64.ActiveCfg = Release|Any CPU
		{0D47C3DD-713C-4EF7-BA9E-D03C1F27AF46}.Release|x64.Build.0 = Release|Any CPU
		{0D47C3DD-713C-4EF7-BA9E-D03C1F27AF46}.Release|x86.ActiveCfg = Release|Any CPU
		{0D47C3DD-713C-4EF7-BA9E-D03C1F27AF46}.Release|x86.Build.0 = Release|Any CPU
		{22115ECF-0AED-4FE7-A7C6-DAECD8D84214}.Debug|Any CPU.ActiveCfg = Debug|Any CPU
		{22115ECF-0AED-4FE7-A7C6-DAECD8D84214}.Debug|Any CPU.Build.0 = Debug|Any CPU
		{22115ECF-0AED-4FE7-A7C6-DAECD8D84214}.Debug|x64.ActiveCfg = Debug|Any CPU
		{22115ECF-0AED-4FE7-A7C6-DAECD8D84214}.Debug|x64.Build.0 = Debug|Any CPU
		{22115ECF-0AED-4FE7-A7C6-DAECD8D84214}.Debug|x86.ActiveCfg = Debug|Any CPU
		{22115ECF-0AED-4FE7-A7C6-DAECD8D84214}.Debug|x86.Build.0 = Debug|Any CPU
		{22115ECF-0AED-4FE7-A7C6-DAECD8D84214}.Release|Any CPU.ActiveCfg = Release|Any CPU
		{22115ECF-0AED-4FE7-A7C6-DAECD8D84214}.Release|Any CPU.Build.0 = Release|Any CPU
		{22115ECF-0AED-4FE7-A7C6-DAECD8D84214}.Release|x64.ActiveCfg = Release|Any CPU
		{22115ECF-0AED-4FE7-A7C6-DAECD8D84214}.Release|x64.Build.0 = Release|Any CPU
		{22115ECF-0AED-4FE7-A7C6-DAECD8D84214}.Release|x86.ActiveCfg = Release|Any CPU
		{22115ECF-0AED-4FE7-A7C6-DAECD8D84214}.Release|x86.Build.0 = Release|Any CPU
		{F5BB9456-FF7B-49FA-8AA2-1D7C640FE7F0}.Debug|Any CPU.ActiveCfg = Debug|Any CPU
		{F5BB9456-FF7B-49FA-8AA2-1D7C640FE7F0}.Debug|Any CPU.Build.0 = Debug|Any CPU
		{F5BB9456-FF7B-49FA-8AA2-1D7C640FE7F0}.Debug|x64.ActiveCfg = Debug|Any CPU
		{F5BB9456-FF7B-49FA-8AA2-1D7C640FE7F0}.Debug|x64.Build.0 = Debug|Any CPU
		{F5BB9456-FF7B-49FA-8AA2-1D7C640FE7F0}.Debug|x86.ActiveCfg = Debug|Any CPU
		{F5BB9456-FF7B-49FA-8AA2-1D7C640FE7F0}.Debug|x86.Build.0 = Debug|Any CPU
		{F5BB9456-FF7B-49FA-8AA2-1D7C640FE7F0}.Release|Any CPU.ActiveCfg = Release|Any CPU
		{F5BB9456-FF7B-49FA-8AA2-1D7C640FE7F0}.Release|Any CPU.Build.0 = Release|Any CPU
		{F5BB9456-FF7B-49FA-8AA2-1D7C640FE7F0}.Release|x64.ActiveCfg = Release|Any CPU
		{F5BB9456-FF7B-49FA-8AA2-1D7C640FE7F0}.Release|x64.Build.0 = Release|Any CPU
		{F5BB9456-FF7B-49FA-8AA2-1D7C640FE7F0}.Release|x86.ActiveCfg = Release|Any CPU
		{F5BB9456-FF7B-49FA-8AA2-1D7C640FE7F0}.Release|x86.Build.0 = Release|Any CPU
		{008CE979-BA0A-42EB-A422-1B8A3BD49150}.Debug|Any CPU.ActiveCfg = Debug|Any CPU
		{008CE979-BA0A-42EB-A422-1B8A3BD49150}.Debug|Any CPU.Build.0 = Debug|Any CPU
		{008CE979-BA0A-42EB-A422-1B8A3BD49150}.Debug|x64.ActiveCfg = Debug|Any CPU
		{008CE979-BA0A-42EB-A422-1B8A3BD49150}.Debug|x64.Build.0 = Debug|Any CPU
		{008CE979-BA0A-42EB-A422-1B8A3BD49150}.Debug|x86.ActiveCfg = Debug|Any CPU
		{008CE979-BA0A-42EB-A422-1B8A3BD49150}.Debug|x86.Build.0 = Debug|Any CPU
		{008CE979-BA0A-42EB-A422-1B8A3BD49150}.Release|Any CPU.ActiveCfg = Release|Any CPU
		{008CE979-BA0A-42EB-A422-1B8A3BD49150}.Release|Any CPU.Build.0 = Release|Any CPU
		{008CE979-BA0A-42EB-A422-1B8A3BD49150}.Release|x64.ActiveCfg = Release|Any CPU
		{008CE979-BA0A-42EB-A422-1B8A3BD49150}.Release|x64.Build.0 = Release|Any CPU
		{008CE979-BA0A-42EB-A422-1B8A3BD49150}.Release|x86.ActiveCfg = Release|Any CPU
		{008CE979-BA0A-42EB-A422-1B8A3BD49150}.Release|x86.Build.0 = Release|Any CPU
		{36C884DE-1380-43B6-BAC6-75A9B74C835F}.Debug|Any CPU.ActiveCfg = Debug|Any CPU
		{36C884DE-1380-43B6-BAC6-75A9B74C835F}.Debug|Any CPU.Build.0 = Debug|Any CPU
		{36C884DE-1380-43B6-BAC6-75A9B74C835F}.Debug|x64.ActiveCfg = Debug|Any CPU
		{36C884DE-1380-43B6-BAC6-75A9B74C835F}.Debug|x64.Build.0 = Debug|Any CPU
		{36C884DE-1380-43B6-BAC6-75A9B74C835F}.Debug|x86.ActiveCfg = Debug|Any CPU
		{36C884DE-1380-43B6-BAC6-75A9B74C835F}.Debug|x86.Build.0 = Debug|Any CPU
		{36C884DE-1380-43B6-BAC6-75A9B74C835F}.Release|Any CPU.ActiveCfg = Release|Any CPU
		{36C884DE-1380-43B6-BAC6-75A9B74C835F}.Release|Any CPU.Build.0 = Release|Any CPU
		{36C884DE-1380-43B6-BAC6-75A9B74C835F}.Release|x64.ActiveCfg = Release|Any CPU
		{36C884DE-1380-43B6-BAC6-75A9B74C835F}.Release|x64.Build.0 = Release|Any CPU
		{36C884DE-1380-43B6-BAC6-75A9B74C835F}.Release|x86.ActiveCfg = Release|Any CPU
		{36C884DE-1380-43B6-BAC6-75A9B74C835F}.Release|x86.Build.0 = Release|Any CPU
		{1CBCC9F7-737E-470C-BFFB-D52A83DE5828}.Debug|Any CPU.ActiveCfg = Debug|Any CPU
		{1CBCC9F7-737E-470C-BFFB-D52A83DE5828}.Debug|Any CPU.Build.0 = Debug|Any CPU
		{1CBCC9F7-737E-470C-BFFB-D52A83DE5828}.Debug|x64.ActiveCfg = Debug|Any CPU
		{1CBCC9F7-737E-470C-BFFB-D52A83DE5828}.Debug|x64.Build.0 = Debug|Any CPU
		{1CBCC9F7-737E-470C-BFFB-D52A83DE5828}.Debug|x86.ActiveCfg = Debug|Any CPU
		{1CBCC9F7-737E-470C-BFFB-D52A83DE5828}.Debug|x86.Build.0 = Debug|Any CPU
		{1CBCC9F7-737E-470C-BFFB-D52A83DE5828}.Release|Any CPU.ActiveCfg = Release|Any CPU
		{1CBCC9F7-737E-470C-BFFB-D52A83DE5828}.Release|Any CPU.Build.0 = Release|Any CPU
		{1CBCC9F7-737E-470C-BFFB-D52A83DE5828}.Release|x64.ActiveCfg = Release|Any CPU
		{1CBCC9F7-737E-470C-BFFB-D52A83DE5828}.Release|x64.Build.0 = Release|Any CPU
		{1CBCC9F7-737E-470C-BFFB-D52A83DE5828}.Release|x86.ActiveCfg = Release|Any CPU
		{1CBCC9F7-737E-470C-BFFB-D52A83DE5828}.Release|x86.Build.0 = Release|Any CPU
	EndGlobalSection
	GlobalSection(SolutionProperties) = preSolution
		HideSolutionNode = FALSE
	EndGlobalSection
	GlobalSection(NestedProjects) = preSolution
		{1FE2EF67-8257-434A-A5DE-BADF967BD783} = {723679FA-411D-4B84-BFF9-C0C750431457}
		{016265CE-DC0F-4CE3-B15B-2DC53D7D22CF} = {1FE2EF67-8257-434A-A5DE-BADF967BD783}
		{6CDEB57E-32D2-48BD-A844-ED6060F534AD} = {1FE2EF67-8257-434A-A5DE-BADF967BD783}
		{86A63459-E977-4BB4-9008-698FB5BF6BE2} = {1FE2EF67-8257-434A-A5DE-BADF967BD783}
		{0D47C3DD-713C-4EF7-BA9E-D03C1F27AF46} = {1FE2EF67-8257-434A-A5DE-BADF967BD783}
		{22115ECF-0AED-4FE7-A7C6-DAECD8D84214} = {1FE2EF67-8257-434A-A5DE-BADF967BD783}
		{2EB44A85-3425-4B76-A538-EC96EBCCB874} = {723679FA-411D-4B84-BFF9-C0C750431457}
		{F5BB9456-FF7B-49FA-8AA2-1D7C640FE7F0} = {2EB44A85-3425-4B76-A538-EC96EBCCB874}
		{008CE979-BA0A-42EB-A422-1B8A3BD49150} = {1FE2EF67-8257-434A-A5DE-BADF967BD783}
		{323E0411-4D96-4782-B058-7A06E7743F46} = {D05A1678-D2F0-4C6F-B0DA-83B622D67180}
		{36C884DE-1380-43B6-BAC6-75A9B74C835F} = {323E0411-4D96-4782-B058-7A06E7743F46}
		{1CBCC9F7-737E-470C-BFFB-D52A83DE5828} = {1FE2EF67-8257-434A-A5DE-BADF967BD783}
	EndGlobalSection
	GlobalSection(ExtensibilityGlobals) = postSolution
		SolutionGuid = {0A4815A9-A131-4C4D-9D54-8696436144A7}
	EndGlobalSection
EndGlobal
