
Microsoft Visual Studio Solution File, Format Version 12.00
# Visual Studio 15
VisualStudioVersion = 15.0.26124.0
MinimumVisualStudioVersion = 15.0.26124.0
Project("{2150E333-8FDC-42A3-9474-1A3956D46DE8}") = "Presentation", "Presentation", "{97A30B38-313D-4BD7-9699-4DB9AE4BF977}"
EndProject
Project("{FAE04EC0-301F-11D3-BF4B-00C04F79EFBC}") = "Assessment.Presentation.App", "Presentation\Assessment.Presentation.App\Assessment.Presentation.App.csproj", "{8BD02BC7-4FEF-4551-B274-602D7651D04A}"
EndProject
Project("{2150E333-8FDC-42A3-9474-1A3956D46DE8}") = "Core", "Core", "{1FE2EF67-8257-434A-A5DE-BADF967BD783}"
EndProject
Project("{FAE04EC0-301F-11D3-BF4B-00C04F79EFBC}") = "Assessment.Core.Interfaces", "Core\Assessment.Core.Interfaces\Assessment.Core.Interfaces.csproj", "{016265CE-DC0F-4CE3-B15B-2DC53D7D22CF}"
EndProject
Project("{FAE04EC0-301F-11D3-BF4B-00C04F79EFBC}") = "Assessment.Core.Services", "Core\Assessment.Core.Services\Assessment.Core.Services.csproj", "{6CDEB57E-32D2-48BD-A844-ED6060F534AD}"
EndProject
Global
	GlobalSection(SolutionConfigurationPlatforms) = preSolution
		Debug|Any CPU = Debug|Any CPU
		Debug|x64 = Debug|x64
		Debug|x86 = Debug|x86
		Release|Any CPU = Release|Any CPU
		Release|x64 = Release|x64
		Release|x86 = Release|x86
	EndGlobalSection
	GlobalSection(SolutionProperties) = preSolution
		HideSolutionNode = FALSE
	EndGlobalSection
	GlobalSection(ProjectConfigurationPlatforms) = postSolution
		{8BD02BC7-4FEF-4551-B274-602D7651D04A}.Debug|Any CPU.ActiveCfg = Debug|Any CPU
		{8BD02BC7-4FEF-4551-B274-602D7651D04A}.Debug|Any CPU.Build.0 = Debug|Any CPU
		{8BD02BC7-4FEF-4551-B274-602D7651D04A}.Debug|x64.ActiveCfg = Debug|Any CPU
		{8BD02BC7-4FEF-4551-B274-602D7651D04A}.Debug|x64.Build.0 = Debug|Any CPU
		{8BD02BC7-4FEF-4551-B274-602D7651D04A}.Debug|x86.ActiveCfg = Debug|Any CPU
		{8BD02BC7-4FEF-4551-B274-602D7651D04A}.Debug|x86.Build.0 = Debug|Any CPU
		{8BD02BC7-4FEF-4551-B274-602D7651D04A}.Release|Any CPU.ActiveCfg = Release|Any CPU
		{8BD02BC7-4FEF-4551-B274-602D7651D04A}.Release|Any CPU.Build.0 = Release|Any CPU
		{8BD02BC7-4FEF-4551-B274-602D7651D04A}.Release|x64.ActiveCfg = Release|Any CPU
		{8BD02BC7-4FEF-4551-B274-602D7651D04A}.Release|x64.Build.0 = Release|Any CPU
		{8BD02BC7-4FEF-4551-B274-602D7651D04A}.Release|x86.ActiveCfg = Release|Any CPU
		{8BD02BC7-4FEF-4551-B274-602D7651D04A}.Release|x86.Build.0 = Release|Any CPU
		{016265CE-DC0F-4CE3-B15B-2DC53D7D22CF}.Debug|Any CPU.ActiveCfg = Debug|Any CPU
		{016265CE-DC0F-4CE3-B15B-2DC53D7D22CF}.Debug|Any CPU.Build.0 = Debug|Any CPU
		{016265CE-DC0F-4CE3-B15B-2DC53D7D22CF}.Debug|x64.ActiveCfg = Debug|Any CPU
		{016265CE-DC0F-4CE3-B15B-2DC53D7D22CF}.Debug|x64.Build.0 = Debug|Any CPU
		{016265CE-DC0F-4CE3-B15B-2DC53D7D22CF}.Debug|x86.ActiveCfg = Debug|Any CPU
		{016265CE-DC0F-4CE3-B15B-2DC53D7D22CF}.Debug|x86.Build.0 = Debug|Any CPU
		{016265CE-DC0F-4CE3-B15B-2DC53D7D22CF}.Release|Any CPU.ActiveCfg = Release|Any CPU
		{016265CE-DC0F-4CE3-B15B-2DC53D7D22CF}.Release|Any CPU.Build.0 = Release|Any CPU
		{016265CE-DC0F-4CE3-B15B-2DC53D7D22CF}.Release|x64.ActiveCfg = Release|Any CPU
		{016265CE-DC0F-4CE3-B15B-2DC53D7D22CF}.Release|x64.Build.0 = Release|Any CPU
		{016265CE-DC0F-4CE3-B15B-2DC53D7D22CF}.Release|x86.ActiveCfg = Release|Any CPU
		{016265CE-DC0F-4CE3-B15B-2DC53D7D22CF}.Release|x86.Build.0 = Release|Any CPU
		{6CDEB57E-32D2-48BD-A844-ED6060F534AD}.Debug|Any CPU.ActiveCfg = Debug|Any CPU
		{6CDEB57E-32D2-48BD-A844-ED6060F534AD}.Debug|Any CPU.Build.0 = Debug|Any CPU
		{6CDEB57E-32D2-48BD-A844-ED6060F534AD}.Debug|x64.ActiveCfg = Debug|Any CPU
		{6CDEB57E-32D2-48BD-A844-ED6060F534AD}.Debug|x64.Build.0 = Debug|Any CPU
		{6CDEB57E-32D2-48BD-A844-ED6060F534AD}.Debug|x86.ActiveCfg = Debug|Any CPU
		{6CDEB57E-32D2-48BD-A844-ED6060F534AD}.Debug|x86.Build.0 = Debug|Any CPU
		{6CDEB57E-32D2-48BD-A844-ED6060F534AD}.Release|Any CPU.ActiveCfg = Release|Any CPU
		{6CDEB57E-32D2-48BD-A844-ED6060F534AD}.Release|Any CPU.Build.0 = Release|Any CPU
		{6CDEB57E-32D2-48BD-A844-ED6060F534AD}.Release|x64.ActiveCfg = Release|Any CPU
		{6CDEB57E-32D2-48BD-A844-ED6060F534AD}.Release|x64.Build.0 = Release|Any CPU
		{6CDEB57E-32D2-48BD-A844-ED6060F534AD}.Release|x86.ActiveCfg = Release|Any CPU
		{6CDEB57E-32D2-48BD-A844-ED6060F534AD}.Release|x86.Build.0 = Release|Any CPU
	EndGlobalSection
	GlobalSection(NestedProjects) = preSolution
		{8BD02BC7-4FEF-4551-B274-602D7651D04A} = {97A30B38-313D-4BD7-9699-4DB9AE4BF977}
		{016265CE-DC0F-4CE3-B15B-2DC53D7D22CF} = {1FE2EF67-8257-434A-A5DE-BADF967BD783}
		{6CDEB57E-32D2-48BD-A844-ED6060F534AD} = {1FE2EF67-8257-434A-A5DE-BADF967BD783}
	EndGlobalSection
EndGlobal
